
Microsoft Visual Studio Solution File, Format Version 12.00
# Visual Studio Version 17
VisualStudioVersion = 17.7.34024.191
MinimumVisualStudioVersion = 10.0.40219.1
Project("{FAE04EC0-301F-11D3-BF4B-00C04F79EFBC}") = "Refectoed Account Management System.C#", "Refectoed Account Management System.C#\Refectoed Account Management System.C#.csproj", "{004C5769-C1B7-44D1-B432-EA51B1D40DE9}"
EndProject
Global
	GlobalSection(SolutionConfigurationPlatforms) = preSolution
		Debug|Any CPU = Debug|Any CPU
		Release|Any CPU = Release|Any CPU
	EndGlobalSection
	GlobalSection(ProjectConfigurationPlatforms) = postSolution
		{004C5769-C1B7-44D1-B432-EA51B1D40DE9}.Debug|Any CPU.ActiveCfg = Debug|Any CPU
		{004C5769-C1B7-44D1-B432-EA51B1D40DE9}.Debug|Any CPU.Build.0 = Debug|Any CPU
		{004C5769-C1B7-44D1-B432-EA51B1D40DE9}.Release|Any CPU.ActiveCfg = Release|Any CPU
		{004C5769-C1B7-44D1-B432-EA51B1D40DE9}.Release|Any CPU.Build.0 = Release|Any CPU
	EndGlobalSection
	GlobalSection(SolutionProperties) = preSolution
		HideSolutionNode = FALSE
	EndGlobalSection
	GlobalSection(ExtensibilityGlobals) = postSolution
		SolutionGuid = {3D5410FE-5AEC-4304-9B12-A5B369A7AC56}
	EndGlobalSection
EndGlobal
